// !$*UTF8*$!
{
	archiveVersion = 1;
	classes = {
	};
	objectVersion = 55;
	objects = {

/* Begin PBXBuildFile section */
		0A9C9A9C1A5430FA27F0FAC4 /* Pods_MyFancyMovie.framework in Frameworks */ = {isa = PBXBuildFile; fileRef = CE0212BDC17EFE48D000FC6A /* Pods_MyFancyMovie.framework */; };
		4DF48B5E3B9C36A9185F3262 /* Pods_MyFancyMovie_MyFancyMovieUITests.framework in Frameworks */ = {isa = PBXBuildFile; fileRef = 0D7A8379B648670D3F80D978 /* Pods_MyFancyMovie_MyFancyMovieUITests.framework */; };
		8F62F8928B69FF30A8771574 /* Pods_MyFancyMovieTests.framework in Frameworks */ = {isa = PBXBuildFile; fileRef = 1DA31A187A308D4E24B661D1 /* Pods_MyFancyMovieTests.framework */; };
		B26E889A2804802400055CFB /* MyFancyMovieTests.swift in Sources */ = {isa = PBXBuildFile; fileRef = B26E88992804802400055CFB /* MyFancyMovieTests.swift */; };
		B26E88A42804802400055CFB /* MyFancyMovieUITests.swift in Sources */ = {isa = PBXBuildFile; fileRef = B26E88A32804802400055CFB /* MyFancyMovieUITests.swift */; };
		B26E88A62804802400055CFB /* MyFancyMovieUITestsLaunchTests.swift in Sources */ = {isa = PBXBuildFile; fileRef = B26E88A52804802400055CFB /* MyFancyMovieUITestsLaunchTests.swift */; };
		B26E88B5280480BB00055CFB /* MovieData.swift in Sources */ = {isa = PBXBuildFile; fileRef = B26E88B3280480BB00055CFB /* MovieData.swift */; };
		B26E88B6280480BB00055CFB /* MovieModel.swift in Sources */ = {isa = PBXBuildFile; fileRef = B26E88B4280480BB00055CFB /* MovieModel.swift */; };
		B26E88C6280480F200055CFB /* MainCoordinator.swift in Sources */ = {isa = PBXBuildFile; fileRef = B26E88B9280480F200055CFB /* MainCoordinator.swift */; };
		B26E88C7280480F200055CFB /* Coordinator.swift in Sources */ = {isa = PBXBuildFile; fileRef = B26E88BA280480F200055CFB /* Coordinator.swift */; };
		B26E88C8280480F200055CFB /* URLPathFinder.swift in Sources */ = {isa = PBXBuildFile; fileRef = B26E88BC280480F200055CFB /* URLPathFinder.swift */; };
		B26E88C9280480F200055CFB /* ApiEndPoint.swift in Sources */ = {isa = PBXBuildFile; fileRef = B26E88BD280480F200055CFB /* ApiEndPoint.swift */; };
		B26E88CA280480F200055CFB /* MovieFacade.swift in Sources */ = {isa = PBXBuildFile; fileRef = B26E88BF280480F200055CFB /* MovieFacade.swift */; };
		B26E88CB280480F200055CFB /* Transform.swift in Sources */ = {isa = PBXBuildFile; fileRef = B26E88C1280480F200055CFB /* Transform.swift */; };
		B26E88CC280480F200055CFB /* Storyboarded.swift in Sources */ = {isa = PBXBuildFile; fileRef = B26E88C2280480F200055CFB /* Storyboarded.swift */; };
		B26E88CD280480F200055CFB /* CustomError.swift in Sources */ = {isa = PBXBuildFile; fileRef = B26E88C3280480F200055CFB /* CustomError.swift */; };
		B26E88CE280480F200055CFB /* MovieDetailViewFactory.swift in Sources */ = {isa = PBXBuildFile; fileRef = B26E88C5280480F200055CFB /* MovieDetailViewFactory.swift */; };
		B26E88DB2804810800055CFB /* HomeViewController.swift in Sources */ = {isa = PBXBuildFile; fileRef = B26E88D12804810800055CFB /* HomeViewController.swift */; };
		B26E88DC2804810800055CFB /* MovieCustomCollectionViewCell.xib in Resources */ = {isa = PBXBuildFile; fileRef = B26E88D32804810800055CFB /* MovieCustomCollectionViewCell.xib */; };
		B26E88DD2804810800055CFB /* MovieCustomCollectionViewCell.swift in Sources */ = {isa = PBXBuildFile; fileRef = B26E88D42804810800055CFB /* MovieCustomCollectionViewCell.swift */; };
		B26E88DE2804810800055CFB /* LaunchScreen.storyboard in Resources */ = {isa = PBXBuildFile; fileRef = B26E88D52804810800055CFB /* LaunchScreen.storyboard */; };
		B26E88DF2804810800055CFB /* Main.storyboard in Resources */ = {isa = PBXBuildFile; fileRef = B26E88D72804810800055CFB /* Main.storyboard */; };
		B26E88E02804810800055CFB /* DetailViewController.swift in Sources */ = {isa = PBXBuildFile; fileRef = B26E88DA2804810800055CFB /* DetailViewController.swift */; };
		B26E88E62804810E00055CFB /* HomeViewModel.swift in Sources */ = {isa = PBXBuildFile; fileRef = B26E88E32804810E00055CFB /* HomeViewModel.swift */; };
		B26E88E72804810E00055CFB /* DetailViewModel.swift in Sources */ = {isa = PBXBuildFile; fileRef = B26E88E52804810E00055CFB /* DetailViewModel.swift */; };
		B26E88E92804812E00055CFB /* Assets.xcassets in Resources */ = {isa = PBXBuildFile; fileRef = B26E88E82804812E00055CFB /* Assets.xcassets */; };
		B26E88ED2804816700055CFB /* AppDelegate.swift in Sources */ = {isa = PBXBuildFile; fileRef = B26E88EB2804816700055CFB /* AppDelegate.swift */; };
		B26E88EE2804816700055CFB /* SceneDelegate.swift in Sources */ = {isa = PBXBuildFile; fileRef = B26E88EC2804816700055CFB /* SceneDelegate.swift */; };
		B26E88F52804A36D00055CFB /* ApiEndPointUnitTests.swift in Sources */ = {isa = PBXBuildFile; fileRef = B26E88F42804A36D00055CFB /* ApiEndPointUnitTests.swift */; };
/* End PBXBuildFile section */

/* Begin PBXContainerItemProxy section */
		B26E88962804802400055CFB /* PBXContainerItemProxy */ = {
			isa = PBXContainerItemProxy;
			containerPortal = B26E88772804802200055CFB /* Project object */;
			proxyType = 1;
			remoteGlobalIDString = B26E887E2804802200055CFB;
			remoteInfo = MyFancyMovie;
		};
		B26E88A02804802400055CFB /* PBXContainerItemProxy */ = {
			isa = PBXContainerItemProxy;
			containerPortal = B26E88772804802200055CFB /* Project object */;
			proxyType = 1;
			remoteGlobalIDString = B26E887E2804802200055CFB;
			remoteInfo = MyFancyMovie;
		};
/* End PBXContainerItemProxy section */

/* Begin PBXFileReference section */
		0D7A8379B648670D3F80D978 /* Pods_MyFancyMovie_MyFancyMovieUITests.framework */ = {isa = PBXFileReference; explicitFileType = wrapper.framework; includeInIndex = 0; path = Pods_MyFancyMovie_MyFancyMovieUITests.framework; sourceTree = BUILT_PRODUCTS_DIR; };
		1DA31A187A308D4E24B661D1 /* Pods_MyFancyMovieTests.framework */ = {isa = PBXFileReference; explicitFileType = wrapper.framework; includeInIndex = 0; path = Pods_MyFancyMovieTests.framework; sourceTree = BUILT_PRODUCTS_DIR; };
		52DC74C6D5C2A5D6C0A294CF /* Pods-MyFancyMovieTests.debug.xcconfig */ = {isa = PBXFileReference; includeInIndex = 1; lastKnownFileType = text.xcconfig; name = "Pods-MyFancyMovieTests.debug.xcconfig"; path = "Target Support Files/Pods-MyFancyMovieTests/Pods-MyFancyMovieTests.debug.xcconfig"; sourceTree = "<group>"; };
		75356333998DE8E516AF1CA6 /* Pods-MyFancyMovie-MyFancyMovieUITests.debug.xcconfig */ = {isa = PBXFileReference; includeInIndex = 1; lastKnownFileType = text.xcconfig; name = "Pods-MyFancyMovie-MyFancyMovieUITests.debug.xcconfig"; path = "Target Support Files/Pods-MyFancyMovie-MyFancyMovieUITests/Pods-MyFancyMovie-MyFancyMovieUITests.debug.xcconfig"; sourceTree = "<group>"; };
		A178BD693C2E15F3D1CD659E /* Pods-MyFancyMovieTests.release.xcconfig */ = {isa = PBXFileReference; includeInIndex = 1; lastKnownFileType = text.xcconfig; name = "Pods-MyFancyMovieTests.release.xcconfig"; path = "Target Support Files/Pods-MyFancyMovieTests/Pods-MyFancyMovieTests.release.xcconfig"; sourceTree = "<group>"; };
		AA9506CC4AAD7B9D81F60ACB /* Pods-MyFancyMovie.debug.xcconfig */ = {isa = PBXFileReference; includeInIndex = 1; lastKnownFileType = text.xcconfig; name = "Pods-MyFancyMovie.debug.xcconfig"; path = "Target Support Files/Pods-MyFancyMovie/Pods-MyFancyMovie.debug.xcconfig"; sourceTree = "<group>"; };
		AD764F0DDD96B450204D6509 /* Pods-MyFancyMovie.release.xcconfig */ = {isa = PBXFileReference; includeInIndex = 1; lastKnownFileType = text.xcconfig; name = "Pods-MyFancyMovie.release.xcconfig"; path = "Target Support Files/Pods-MyFancyMovie/Pods-MyFancyMovie.release.xcconfig"; sourceTree = "<group>"; };
		B26E887F2804802200055CFB /* MyFancyMovie.app */ = {isa = PBXFileReference; explicitFileType = wrapper.application; includeInIndex = 0; path = MyFancyMovie.app; sourceTree = BUILT_PRODUCTS_DIR; };
		B26E88902804802400055CFB /* Info.plist */ = {isa = PBXFileReference; lastKnownFileType = text.plist.xml; path = Info.plist; sourceTree = "<group>"; };
		B26E88952804802400055CFB /* MyFancyMovieTests.xctest */ = {isa = PBXFileReference; explicitFileType = wrapper.cfbundle; includeInIndex = 0; path = MyFancyMovieTests.xctest; sourceTree = BUILT_PRODUCTS_DIR; };
		B26E88992804802400055CFB /* MyFancyMovieTests.swift */ = {isa = PBXFileReference; lastKnownFileType = sourcecode.swift; path = MyFancyMovieTests.swift; sourceTree = "<group>"; };
		B26E889F2804802400055CFB /* MyFancyMovieUITests.xctest */ = {isa = PBXFileReference; explicitFileType = wrapper.cfbundle; includeInIndex = 0; path = MyFancyMovieUITests.xctest; sourceTree = BUILT_PRODUCTS_DIR; };
		B26E88A32804802400055CFB /* MyFancyMovieUITests.swift */ = {isa = PBXFileReference; lastKnownFileType = sourcecode.swift; path = MyFancyMovieUITests.swift; sourceTree = "<group>"; };
		B26E88A52804802400055CFB /* MyFancyMovieUITestsLaunchTests.swift */ = {isa = PBXFileReference; lastKnownFileType = sourcecode.swift; path = MyFancyMovieUITestsLaunchTests.swift; sourceTree = "<group>"; };
		B26E88B3280480BB00055CFB /* MovieData.swift */ = {isa = PBXFileReference; fileEncoding = 4; lastKnownFileType = sourcecode.swift; path = MovieData.swift; sourceTree = "<group>"; };
		B26E88B4280480BB00055CFB /* MovieModel.swift */ = {isa = PBXFileReference; fileEncoding = 4; lastKnownFileType = sourcecode.swift; path = MovieModel.swift; sourceTree = "<group>"; };
		B26E88B9280480F200055CFB /* MainCoordinator.swift */ = {isa = PBXFileReference; fileEncoding = 4; lastKnownFileType = sourcecode.swift; path = MainCoordinator.swift; sourceTree = "<group>"; };
		B26E88BA280480F200055CFB /* Coordinator.swift */ = {isa = PBXFileReference; fileEncoding = 4; lastKnownFileType = sourcecode.swift; path = Coordinator.swift; sourceTree = "<group>"; };
		B26E88BC280480F200055CFB /* URLPathFinder.swift */ = {isa = PBXFileReference; fileEncoding = 4; lastKnownFileType = sourcecode.swift; path = URLPathFinder.swift; sourceTree = "<group>"; };
		B26E88BD280480F200055CFB /* ApiEndPoint.swift */ = {isa = PBXFileReference; fileEncoding = 4; lastKnownFileType = sourcecode.swift; path = ApiEndPoint.swift; sourceTree = "<group>"; };
		B26E88BF280480F200055CFB /* MovieFacade.swift */ = {isa = PBXFileReference; fileEncoding = 4; lastKnownFileType = sourcecode.swift; path = MovieFacade.swift; sourceTree = "<group>"; };
		B26E88C1280480F200055CFB /* Transform.swift */ = {isa = PBXFileReference; fileEncoding = 4; lastKnownFileType = sourcecode.swift; path = Transform.swift; sourceTree = "<group>"; };
		B26E88C2280480F200055CFB /* Storyboarded.swift */ = {isa = PBXFileReference; fileEncoding = 4; lastKnownFileType = sourcecode.swift; path = Storyboarded.swift; sourceTree = "<group>"; };
		B26E88C3280480F200055CFB /* CustomError.swift */ = {isa = PBXFileReference; fileEncoding = 4; lastKnownFileType = sourcecode.swift; path = CustomError.swift; sourceTree = "<group>"; };
		B26E88C5280480F200055CFB /* MovieDetailViewFactory.swift */ = {isa = PBXFileReference; fileEncoding = 4; lastKnownFileType = sourcecode.swift; path = MovieDetailViewFactory.swift; sourceTree = "<group>"; };
		B26E88D12804810800055CFB /* HomeViewController.swift */ = {isa = PBXFileReference; fileEncoding = 4; lastKnownFileType = sourcecode.swift; path = HomeViewController.swift; sourceTree = "<group>"; };
		B26E88D32804810800055CFB /* MovieCustomCollectionViewCell.xib */ = {isa = PBXFileReference; fileEncoding = 4; lastKnownFileType = file.xib; path = MovieCustomCollectionViewCell.xib; sourceTree = "<group>"; };
		B26E88D42804810800055CFB /* MovieCustomCollectionViewCell.swift */ = {isa = PBXFileReference; fileEncoding = 4; lastKnownFileType = sourcecode.swift; path = MovieCustomCollectionViewCell.swift; sourceTree = "<group>"; };
		B26E88D62804810800055CFB /* Base */ = {isa = PBXFileReference; lastKnownFileType = file.storyboard; name = Base; path = Base.lproj/LaunchScreen.storyboard; sourceTree = "<group>"; };
		B26E88D82804810800055CFB /* Base */ = {isa = PBXFileReference; lastKnownFileType = file.storyboard; name = Base; path = Base.lproj/Main.storyboard; sourceTree = "<group>"; };
		B26E88DA2804810800055CFB /* DetailViewController.swift */ = {isa = PBXFileReference; fileEncoding = 4; lastKnownFileType = sourcecode.swift; path = DetailViewController.swift; sourceTree = "<group>"; };
		B26E88E32804810E00055CFB /* HomeViewModel.swift */ = {isa = PBXFileReference; fileEncoding = 4; lastKnownFileType = sourcecode.swift; path = HomeViewModel.swift; sourceTree = "<group>"; };
		B26E88E52804810E00055CFB /* DetailViewModel.swift */ = {isa = PBXFileReference; fileEncoding = 4; lastKnownFileType = sourcecode.swift; path = DetailViewModel.swift; sourceTree = "<group>"; };
		B26E88E82804812E00055CFB /* Assets.xcassets */ = {isa = PBXFileReference; lastKnownFileType = folder.assetcatalog; path = Assets.xcassets; sourceTree = "<group>"; };
		B26E88EB2804816700055CFB /* AppDelegate.swift */ = {isa = PBXFileReference; fileEncoding = 4; lastKnownFileType = sourcecode.swift; path = AppDelegate.swift; sourceTree = "<group>"; };
		B26E88EC2804816700055CFB /* SceneDelegate.swift */ = {isa = PBXFileReference; fileEncoding = 4; lastKnownFileType = sourcecode.swift; path = SceneDelegate.swift; sourceTree = "<group>"; };
		B26E88F42804A36D00055CFB /* ApiEndPointUnitTests.swift */ = {isa = PBXFileReference; lastKnownFileType = sourcecode.swift; path = ApiEndPointUnitTests.swift; sourceTree = "<group>"; };
		CE0212BDC17EFE48D000FC6A /* Pods_MyFancyMovie.framework */ = {isa = PBXFileReference; explicitFileType = wrapper.framework; includeInIndex = 0; path = Pods_MyFancyMovie.framework; sourceTree = BUILT_PRODUCTS_DIR; };
		ECA770210277B91EFE0BD902 /* Pods-MyFancyMovie-MyFancyMovieUITests.release.xcconfig */ = {isa = PBXFileReference; includeInIndex = 1; lastKnownFileType = text.xcconfig; name = "Pods-MyFancyMovie-MyFancyMovieUITests.release.xcconfig"; path = "Target Support Files/Pods-MyFancyMovie-MyFancyMovieUITests/Pods-MyFancyMovie-MyFancyMovieUITests.release.xcconfig"; sourceTree = "<group>"; };
/* End PBXFileReference section */

/* Begin PBXFrameworksBuildPhase section */
		B26E887C2804802200055CFB /* Frameworks */ = {
			isa = PBXFrameworksBuildPhase;
			buildActionMask = 2147483647;
			files = (
				0A9C9A9C1A5430FA27F0FAC4 /* Pods_MyFancyMovie.framework in Frameworks */,
			);
			runOnlyForDeploymentPostprocessing = 0;
		};
		B26E88922804802400055CFB /* Frameworks */ = {
			isa = PBXFrameworksBuildPhase;
			buildActionMask = 2147483647;
			files = (
				8F62F8928B69FF30A8771574 /* Pods_MyFancyMovieTests.framework in Frameworks */,
			);
			runOnlyForDeploymentPostprocessing = 0;
		};
		B26E889C2804802400055CFB /* Frameworks */ = {
			isa = PBXFrameworksBuildPhase;
			buildActionMask = 2147483647;
			files = (
				4DF48B5E3B9C36A9185F3262 /* Pods_MyFancyMovie_MyFancyMovieUITests.framework in Frameworks */,
			);
			runOnlyForDeploymentPostprocessing = 0;
		};
/* End PBXFrameworksBuildPhase section */

/* Begin PBXGroup section */
		18E7B95DB94805B97878485A /* Frameworks */ = {
			isa = PBXGroup;
			children = (
				CE0212BDC17EFE48D000FC6A /* Pods_MyFancyMovie.framework */,
				0D7A8379B648670D3F80D978 /* Pods_MyFancyMovie_MyFancyMovieUITests.framework */,
				1DA31A187A308D4E24B661D1 /* Pods_MyFancyMovieTests.framework */,
			);
			name = Frameworks;
			sourceTree = "<group>";
		};
		8809A15A1077225B5243EC27 /* Pods */ = {
			isa = PBXGroup;
			children = (
				AA9506CC4AAD7B9D81F60ACB /* Pods-MyFancyMovie.debug.xcconfig */,
				AD764F0DDD96B450204D6509 /* Pods-MyFancyMovie.release.xcconfig */,
				75356333998DE8E516AF1CA6 /* Pods-MyFancyMovie-MyFancyMovieUITests.debug.xcconfig */,
				ECA770210277B91EFE0BD902 /* Pods-MyFancyMovie-MyFancyMovieUITests.release.xcconfig */,
				52DC74C6D5C2A5D6C0A294CF /* Pods-MyFancyMovieTests.debug.xcconfig */,
				A178BD693C2E15F3D1CD659E /* Pods-MyFancyMovieTests.release.xcconfig */,
			);
			path = Pods;
			sourceTree = "<group>";
		};
		B26E88762804802200055CFB = {
			isa = PBXGroup;
			children = (
				B26E88812804802200055CFB /* MyFancyMovie */,
				B26E88982804802400055CFB /* MyFancyMovieTests */,
				B26E88A22804802400055CFB /* MyFancyMovieUITests */,
				B26E88802804802200055CFB /* Products */,
				8809A15A1077225B5243EC27 /* Pods */,
				18E7B95DB94805B97878485A /* Frameworks */,
			);
			sourceTree = "<group>";
		};
		B26E88802804802200055CFB /* Products */ = {
			isa = PBXGroup;
			children = (
				B26E887F2804802200055CFB /* MyFancyMovie.app */,
				B26E88952804802400055CFB /* MyFancyMovieTests.xctest */,
				B26E889F2804802400055CFB /* MyFancyMovieUITests.xctest */,
			);
			name = Products;
			sourceTree = "<group>";
		};
		B26E88812804802200055CFB /* MyFancyMovie */ = {
			isa = PBXGroup;
			children = (
				B26E88B2280480BB00055CFB /* Model */,
				B26E88CF2804810800055CFB /* View */,
				B26E88E12804810E00055CFB /* ViewModel */,
				B26E88B7280480F200055CFB /* Sopport */,
				B26E88EA2804816700055CFB /* LifeCycles */,
				B26E88E82804812E00055CFB /* Assets.xcassets */,
				B26E88902804802400055CFB /* Info.plist */,
			);
			path = MyFancyMovie;
			sourceTree = "<group>";
		};
		B26E88982804802400055CFB /* MyFancyMovieTests */ = {
			isa = PBXGroup;
			children = (
				B26E88992804802400055CFB /* MyFancyMovieTests.swift */,
				B26E88F42804A36D00055CFB /* ApiEndPointUnitTests.swift */,
			);
			path = MyFancyMovieTests;
			sourceTree = "<group>";
		};
		B26E88A22804802400055CFB /* MyFancyMovieUITests */ = {
			isa = PBXGroup;
			children = (
				B26E88A32804802400055CFB /* MyFancyMovieUITests.swift */,
				B26E88A52804802400055CFB /* MyFancyMovieUITestsLaunchTests.swift */,
			);
			path = MyFancyMovieUITests;
			sourceTree = "<group>";
		};
		B26E88B2280480BB00055CFB /* Model */ = {
			isa = PBXGroup;
			children = (
				B26E88B3280480BB00055CFB /* MovieData.swift */,
				B26E88B4280480BB00055CFB /* MovieModel.swift */,
			);
			path = Model;
			sourceTree = "<group>";
		};
		B26E88B7280480F200055CFB /* Sopport */ = {
			isa = PBXGroup;
			children = (
				B26E88B8280480F200055CFB /* Coordinator */,
				B26E88BB280480F200055CFB /* Network */,
				B26E88BE280480F200055CFB /* Facade */,
				B26E88C0280480F200055CFB /* Helper */,
				B26E88C4280480F200055CFB /* Factory */,
			);
			path = Sopport;
			sourceTree = "<group>";
		};
		B26E88B8280480F200055CFB /* Coordinator */ = {
			isa = PBXGroup;
			children = (
				B26E88B9280480F200055CFB /* MainCoordinator.swift */,
				B26E88BA280480F200055CFB /* Coordinator.swift */,
			);
			path = Coordinator;
			sourceTree = "<group>";
		};
		B26E88BB280480F200055CFB /* Network */ = {
			isa = PBXGroup;
			children = (
				B26E88BC280480F200055CFB /* URLPathFinder.swift */,
				B26E88BD280480F200055CFB /* ApiEndPoint.swift */,
			);
			path = Network;
			sourceTree = "<group>";
		};
		B26E88BE280480F200055CFB /* Facade */ = {
			isa = PBXGroup;
			children = (
				B26E88BF280480F200055CFB /* MovieFacade.swift */,
			);
			path = Facade;
			sourceTree = "<group>";
		};
		B26E88C0280480F200055CFB /* Helper */ = {
			isa = PBXGroup;
			children = (
				B26E88C1280480F200055CFB /* Transform.swift */,
				B26E88C2280480F200055CFB /* Storyboarded.swift */,
				B26E88C3280480F200055CFB /* CustomError.swift */,
			);
			path = Helper;
			sourceTree = "<group>";
		};
		B26E88C4280480F200055CFB /* Factory */ = {
			isa = PBXGroup;
			children = (
				B26E88C5280480F200055CFB /* MovieDetailViewFactory.swift */,
			);
			path = Factory;
			sourceTree = "<group>";
		};
		B26E88CF2804810800055CFB /* View */ = {
			isa = PBXGroup;
			children = (
				B26E88D72804810800055CFB /* Main.storyboard */,
				B26E88D52804810800055CFB /* LaunchScreen.storyboard */,
				B26E88D02804810800055CFB /* Home */,
				B26E88D92804810800055CFB /* Detail */,
			);
			path = View;
			sourceTree = "<group>";
		};
		B26E88D02804810800055CFB /* Home */ = {
			isa = PBXGroup;
			children = (
				B26E88D12804810800055CFB /* HomeViewController.swift */,
				B26E88D22804810800055CFB /* CustomCollectionViewCell */,
			);
			path = Home;
			sourceTree = "<group>";
		};
		B26E88D22804810800055CFB /* CustomCollectionViewCell */ = {
			isa = PBXGroup;
			children = (
				B26E88D32804810800055CFB /* MovieCustomCollectionViewCell.xib */,
				B26E88D42804810800055CFB /* MovieCustomCollectionViewCell.swift */,
			);
			path = CustomCollectionViewCell;
			sourceTree = "<group>";
		};
		B26E88D92804810800055CFB /* Detail */ = {
			isa = PBXGroup;
			children = (
				B26E88DA2804810800055CFB /* DetailViewController.swift */,
			);
			path = Detail;
			sourceTree = "<group>";
		};
		B26E88E12804810E00055CFB /* ViewModel */ = {
			isa = PBXGroup;
			children = (
				B26E88E22804810E00055CFB /* Home */,
				B26E88E42804810E00055CFB /* Detail */,
			);
			path = ViewModel;
			sourceTree = "<group>";
		};
		B26E88E22804810E00055CFB /* Home */ = {
			isa = PBXGroup;
			children = (
				B26E88E32804810E00055CFB /* HomeViewModel.swift */,
			);
			path = Home;
			sourceTree = "<group>";
		};
		B26E88E42804810E00055CFB /* Detail */ = {
			isa = PBXGroup;
			children = (
				B26E88E52804810E00055CFB /* DetailViewModel.swift */,
			);
			path = Detail;
			sourceTree = "<group>";
		};
		B26E88EA2804816700055CFB /* LifeCycles */ = {
			isa = PBXGroup;
			children = (
				B26E88EB2804816700055CFB /* AppDelegate.swift */,
				B26E88EC2804816700055CFB /* SceneDelegate.swift */,
			);
			path = LifeCycles;
			sourceTree = "<group>";
		};
/* End PBXGroup section */

/* Begin PBXNativeTarget section */
		B26E887E2804802200055CFB /* MyFancyMovie */ = {
			isa = PBXNativeTarget;
			buildConfigurationList = B26E88A92804802400055CFB /* Build configuration list for PBXNativeTarget "MyFancyMovie" */;
			buildPhases = (
				B524D688402BE0AFADD95E2C /* [CP] Check Pods Manifest.lock */,
				B26E887B2804802200055CFB /* Sources */,
				B26E887C2804802200055CFB /* Frameworks */,
				B26E887D2804802200055CFB /* Resources */,
				70DE961AF595F6959E660CBC /* [CP] Embed Pods Frameworks */,
			);
			buildRules = (
			);
			dependencies = (
			);
			name = MyFancyMovie;
			productName = MyFancyMovie;
			productReference = B26E887F2804802200055CFB /* MyFancyMovie.app */;
			productType = "com.apple.product-type.application";
		};
		B26E88942804802400055CFB /* MyFancyMovieTests */ = {
			isa = PBXNativeTarget;
			buildConfigurationList = B26E88AC2804802400055CFB /* Build configuration list for PBXNativeTarget "MyFancyMovieTests" */;
			buildPhases = (
				EE1C1105CF5057EB1BD4EF79 /* [CP] Check Pods Manifest.lock */,
				B26E88912804802400055CFB /* Sources */,
				B26E88922804802400055CFB /* Frameworks */,
				B26E88932804802400055CFB /* Resources */,
			);
			buildRules = (
			);
			dependencies = (
				B26E88972804802400055CFB /* PBXTargetDependency */,
			);
			name = MyFancyMovieTests;
			productName = MyFancyMovieTests;
			productReference = B26E88952804802400055CFB /* MyFancyMovieTests.xctest */;
			productType = "com.apple.product-type.bundle.unit-test";
		};
		B26E889E2804802400055CFB /* MyFancyMovieUITests */ = {
			isa = PBXNativeTarget;
			buildConfigurationList = B26E88AF2804802400055CFB /* Build configuration list for PBXNativeTarget "MyFancyMovieUITests" */;
			buildPhases = (
				634EF49E8CB6AA70769C3B4D /* [CP] Check Pods Manifest.lock */,
				B26E889B2804802400055CFB /* Sources */,
				B26E889C2804802400055CFB /* Frameworks */,
				B26E889D2804802400055CFB /* Resources */,
				26B5C0069ACB952E937B001C /* [CP] Embed Pods Frameworks */,
			);
			buildRules = (
			);
			dependencies = (
				B26E88A12804802400055CFB /* PBXTargetDependency */,
			);
			name = MyFancyMovieUITests;
			productName = MyFancyMovieUITests;
			productReference = B26E889F2804802400055CFB /* MyFancyMovieUITests.xctest */;
			productType = "com.apple.product-type.bundle.ui-testing";
		};
/* End PBXNativeTarget section */

/* Begin PBXProject section */
		B26E88772804802200055CFB /* Project object */ = {
			isa = PBXProject;
			attributes = {
				BuildIndependentTargetsInParallel = 1;
				LastSwiftUpdateCheck = 1320;
				LastUpgradeCheck = 1320;
				TargetAttributes = {
					B26E887E2804802200055CFB = {
						CreatedOnToolsVersion = 13.2.1;
					};
					B26E88942804802400055CFB = {
						CreatedOnToolsVersion = 13.2.1;
						TestTargetID = B26E887E2804802200055CFB;
					};
					B26E889E2804802400055CFB = {
						CreatedOnToolsVersion = 13.2.1;
						TestTargetID = B26E887E2804802200055CFB;
					};
				};
			};
			buildConfigurationList = B26E887A2804802200055CFB /* Build configuration list for PBXProject "MyFancyMovie" */;
			compatibilityVersion = "Xcode 13.0";
			developmentRegion = en;
			hasScannedForEncodings = 0;
			knownRegions = (
				en,
				Base,
			);
			mainGroup = B26E88762804802200055CFB;
			productRefGroup = B26E88802804802200055CFB /* Products */;
			projectDirPath = "";
			projectRoot = "";
			targets = (
				B26E887E2804802200055CFB /* MyFancyMovie */,
				B26E88942804802400055CFB /* MyFancyMovieTests */,
				B26E889E2804802400055CFB /* MyFancyMovieUITests */,
			);
		};
/* End PBXProject section */

/* Begin PBXResourcesBuildPhase section */
		B26E887D2804802200055CFB /* Resources */ = {
			isa = PBXResourcesBuildPhase;
			buildActionMask = 2147483647;
			files = (
				B26E88DC2804810800055CFB /* MovieCustomCollectionViewCell.xib in Resources */,
				B26E88DF2804810800055CFB /* Main.storyboard in Resources */,
				B26E88DE2804810800055CFB /* LaunchScreen.storyboard in Resources */,
				B26E88E92804812E00055CFB /* Assets.xcassets in Resources */,
			);
			runOnlyForDeploymentPostprocessing = 0;
		};
		B26E88932804802400055CFB /* Resources */ = {
			isa = PBXResourcesBuildPhase;
			buildActionMask = 2147483647;
			files = (
			);
			runOnlyForDeploymentPostprocessing = 0;
		};
		B26E889D2804802400055CFB /* Resources */ = {
			isa = PBXResourcesBuildPhase;
			buildActionMask = 2147483647;
			files = (
			);
			runOnlyForDeploymentPostprocessing = 0;
		};
/* End PBXResourcesBuildPhase section */

/* Begin PBXShellScriptBuildPhase section */
		26B5C0069ACB952E937B001C /* [CP] Embed Pods Frameworks */ = {
			isa = PBXShellScriptBuildPhase;
			buildActionMask = 2147483647;
			files = (
			);
			inputFileListPaths = (
				"${PODS_ROOT}/Target Support Files/Pods-MyFancyMovie-MyFancyMovieUITests/Pods-MyFancyMovie-MyFancyMovieUITests-frameworks-${CONFIGURATION}-input-files.xcfilelist",
			);
			name = "[CP] Embed Pods Frameworks";
			outputFileListPaths = (
				"${PODS_ROOT}/Target Support Files/Pods-MyFancyMovie-MyFancyMovieUITests/Pods-MyFancyMovie-MyFancyMovieUITests-frameworks-${CONFIGURATION}-output-files.xcfilelist",
			);
			runOnlyForDeploymentPostprocessing = 0;
			shellPath = /bin/sh;
			shellScript = "\"${PODS_ROOT}/Target Support Files/Pods-MyFancyMovie-MyFancyMovieUITests/Pods-MyFancyMovie-MyFancyMovieUITests-frameworks.sh\"\n";
			showEnvVarsInLog = 0;
		};
		634EF49E8CB6AA70769C3B4D /* [CP] Check Pods Manifest.lock */ = {
			isa = PBXShellScriptBuildPhase;
			buildActionMask = 2147483647;
			files = (
			);
			inputFileListPaths = (
			);
			inputPaths = (
				"${PODS_PODFILE_DIR_PATH}/Podfile.lock",
				"${PODS_ROOT}/Manifest.lock",
			);
			name = "[CP] Check Pods Manifest.lock";
			outputFileListPaths = (
			);
			outputPaths = (
				"$(DERIVED_FILE_DIR)/Pods-MyFancyMovie-MyFancyMovieUITests-checkManifestLockResult.txt",
			);
			runOnlyForDeploymentPostprocessing = 0;
			shellPath = /bin/sh;
			shellScript = "diff \"${PODS_PODFILE_DIR_PATH}/Podfile.lock\" \"${PODS_ROOT}/Manifest.lock\" > /dev/null\nif [ $? != 0 ] ; then\n    # print error to STDERR\n    echo \"error: The sandbox is not in sync with the Podfile.lock. Run 'pod install' or update your CocoaPods installation.\" >&2\n    exit 1\nfi\n# This output is used by Xcode 'outputs' to avoid re-running this script phase.\necho \"SUCCESS\" > \"${SCRIPT_OUTPUT_FILE_0}\"\n";
			showEnvVarsInLog = 0;
		};
		70DE961AF595F6959E660CBC /* [CP] Embed Pods Frameworks */ = {
			isa = PBXShellScriptBuildPhase;
			buildActionMask = 2147483647;
			files = (
			);
			inputFileListPaths = (
				"${PODS_ROOT}/Target Support Files/Pods-MyFancyMovie/Pods-MyFancyMovie-frameworks-${CONFIGURATION}-input-files.xcfilelist",
			);
			name = "[CP] Embed Pods Frameworks";
			outputFileListPaths = (
				"${PODS_ROOT}/Target Support Files/Pods-MyFancyMovie/Pods-MyFancyMovie-frameworks-${CONFIGURATION}-output-files.xcfilelist",
			);
			runOnlyForDeploymentPostprocessing = 0;
			shellPath = /bin/sh;
			shellScript = "\"${PODS_ROOT}/Target Support Files/Pods-MyFancyMovie/Pods-MyFancyMovie-frameworks.sh\"\n";
			showEnvVarsInLog = 0;
		};
		B524D688402BE0AFADD95E2C /* [CP] Check Pods Manifest.lock */ = {
			isa = PBXShellScriptBuildPhase;
			buildActionMask = 2147483647;
			files = (
			);
			inputFileListPaths = (
			);
			inputPaths = (
				"${PODS_PODFILE_DIR_PATH}/Podfile.lock",
				"${PODS_ROOT}/Manifest.lock",
			);
			name = "[CP] Check Pods Manifest.lock";
			outputFileListPaths = (
			);
			outputPaths = (
				"$(DERIVED_FILE_DIR)/Pods-MyFancyMovie-checkManifestLockResult.txt",
			);
			runOnlyForDeploymentPostprocessing = 0;
			shellPath = /bin/sh;
			shellScript = "diff \"${PODS_PODFILE_DIR_PATH}/Podfile.lock\" \"${PODS_ROOT}/Manifest.lock\" > /dev/null\nif [ $? != 0 ] ; then\n    # print error to STDERR\n    echo \"error: The sandbox is not in sync with the Podfile.lock. Run 'pod install' or update your CocoaPods installation.\" >&2\n    exit 1\nfi\n# This output is used by Xcode 'outputs' to avoid re-running this script phase.\necho \"SUCCESS\" > \"${SCRIPT_OUTPUT_FILE_0}\"\n";
			showEnvVarsInLog = 0;
		};
		EE1C1105CF5057EB1BD4EF79 /* [CP] Check Pods Manifest.lock */ = {
			isa = PBXShellScriptBuildPhase;
			buildActionMask = 2147483647;
			files = (
			);
			inputFileListPaths = (
			);
			inputPaths = (
				"${PODS_PODFILE_DIR_PATH}/Podfile.lock",
				"${PODS_ROOT}/Manifest.lock",
			);
			name = "[CP] Check Pods Manifest.lock";
			outputFileListPaths = (
			);
			outputPaths = (
				"$(DERIVED_FILE_DIR)/Pods-MyFancyMovieTests-checkManifestLockResult.txt",
			);
			runOnlyForDeploymentPostprocessing = 0;
			shellPath = /bin/sh;
			shellScript = "diff \"${PODS_PODFILE_DIR_PATH}/Podfile.lock\" \"${PODS_ROOT}/Manifest.lock\" > /dev/null\nif [ $? != 0 ] ; then\n    # print error to STDERR\n    echo \"error: The sandbox is not in sync with the Podfile.lock. Run 'pod install' or update your CocoaPods installation.\" >&2\n    exit 1\nfi\n# This output is used by Xcode 'outputs' to avoid re-running this script phase.\necho \"SUCCESS\" > \"${SCRIPT_OUTPUT_FILE_0}\"\n";
			showEnvVarsInLog = 0;
		};
/* End PBXShellScriptBuildPhase section */

/* Begin PBXSourcesBuildPhase section */
		B26E887B2804802200055CFB /* Sources */ = {
			isa = PBXSourcesBuildPhase;
			buildActionMask = 2147483647;
			files = (
				B26E88DD2804810800055CFB /* MovieCustomCollectionViewCell.swift in Sources */,
				B26E88E62804810E00055CFB /* HomeViewModel.swift in Sources */,
				B26E88E02804810800055CFB /* DetailViewController.swift in Sources */,
				B26E88CB280480F200055CFB /* Transform.swift in Sources */,
				B26E88CA280480F200055CFB /* MovieFacade.swift in Sources */,
				B26E88CD280480F200055CFB /* CustomError.swift in Sources */,
				B26E88B5280480BB00055CFB /* MovieData.swift in Sources */,
				B26E88E72804810E00055CFB /* DetailViewModel.swift in Sources */,
				B26E88EE2804816700055CFB /* SceneDelegate.swift in Sources */,
				B26E88ED2804816700055CFB /* AppDelegate.swift in Sources */,
				B26E88C6280480F200055CFB /* MainCoordinator.swift in Sources */,
				B26E88DB2804810800055CFB /* HomeViewController.swift in Sources */,
				B26E88B6280480BB00055CFB /* MovieModel.swift in Sources */,
				B26E88CE280480F200055CFB /* MovieDetailViewFactory.swift in Sources */,
				B26E88C9280480F200055CFB /* ApiEndPoint.swift in Sources */,
				B26E88C8280480F200055CFB /* URLPathFinder.swift in Sources */,
				B26E88C7280480F200055CFB /* Coordinator.swift in Sources */,
				B26E88CC280480F200055CFB /* Storyboarded.swift in Sources */,
			);
			runOnlyForDeploymentPostprocessing = 0;
		};
		B26E88912804802400055CFB /* Sources */ = {
			isa = PBXSourcesBuildPhase;
			buildActionMask = 2147483647;
			files = (
				B26E889A2804802400055CFB /* MyFancyMovieTests.swift in Sources */,
				B26E88F52804A36D00055CFB /* ApiEndPointUnitTests.swift in Sources */,
			);
			runOnlyForDeploymentPostprocessing = 0;
		};
		B26E889B2804802400055CFB /* Sources */ = {
			isa = PBXSourcesBuildPhase;
			buildActionMask = 2147483647;
			files = (
				B26E88A42804802400055CFB /* MyFancyMovieUITests.swift in Sources */,
				B26E88A62804802400055CFB /* MyFancyMovieUITestsLaunchTests.swift in Sources */,
			);
			runOnlyForDeploymentPostprocessing = 0;
		};
/* End PBXSourcesBuildPhase section */

/* Begin PBXTargetDependency section */
		B26E88972804802400055CFB /* PBXTargetDependency */ = {
			isa = PBXTargetDependency;
			target = B26E887E2804802200055CFB /* MyFancyMovie */;
			targetProxy = B26E88962804802400055CFB /* PBXContainerItemProxy */;
		};
		B26E88A12804802400055CFB /* PBXTargetDependency */ = {
			isa = PBXTargetDependency;
			target = B26E887E2804802200055CFB /* MyFancyMovie */;
			targetProxy = B26E88A02804802400055CFB /* PBXContainerItemProxy */;
		};
/* End PBXTargetDependency section */

/* Begin PBXVariantGroup section */
		B26E88D52804810800055CFB /* LaunchScreen.storyboard */ = {
			isa = PBXVariantGroup;
			children = (
				B26E88D62804810800055CFB /* Base */,
			);
			name = LaunchScreen.storyboard;
			sourceTree = "<group>";
		};
		B26E88D72804810800055CFB /* Main.storyboard */ = {
			isa = PBXVariantGroup;
			children = (
				B26E88D82804810800055CFB /* Base */,
			);
			name = Main.storyboard;
			sourceTree = "<group>";
		};
/* End PBXVariantGroup section */

/* Begin XCBuildConfiguration section */
		B26E88A72804802400055CFB /* Debug */ = {
			isa = XCBuildConfiguration;
			buildSettings = {
				ALWAYS_SEARCH_USER_PATHS = NO;
				CLANG_ANALYZER_NONNULL = YES;
				CLANG_ANALYZER_NUMBER_OBJECT_CONVERSION = YES_AGGRESSIVE;
				CLANG_CXX_LANGUAGE_STANDARD = "gnu++17";
				CLANG_CXX_LIBRARY = "libc++";
				CLANG_ENABLE_MODULES = YES;
				CLANG_ENABLE_OBJC_ARC = YES;
				CLANG_ENABLE_OBJC_WEAK = YES;
				CLANG_WARN_BLOCK_CAPTURE_AUTORELEASING = YES;
				CLANG_WARN_BOOL_CONVERSION = YES;
				CLANG_WARN_COMMA = YES;
				CLANG_WARN_CONSTANT_CONVERSION = YES;
				CLANG_WARN_DEPRECATED_OBJC_IMPLEMENTATIONS = YES;
				CLANG_WARN_DIRECT_OBJC_ISA_USAGE = YES_ERROR;
				CLANG_WARN_DOCUMENTATION_COMMENTS = YES;
				CLANG_WARN_EMPTY_BODY = YES;
				CLANG_WARN_ENUM_CONVERSION = YES;
				CLANG_WARN_INFINITE_RECURSION = YES;
				CLANG_WARN_INT_CONVERSION = YES;
				CLANG_WARN_NON_LITERAL_NULL_CONVERSION = YES;
				CLANG_WARN_OBJC_IMPLICIT_RETAIN_SELF = YES;
				CLANG_WARN_OBJC_LITERAL_CONVERSION = YES;
				CLANG_WARN_OBJC_ROOT_CLASS = YES_ERROR;
				CLANG_WARN_QUOTED_INCLUDE_IN_FRAMEWORK_HEADER = YES;
				CLANG_WARN_RANGE_LOOP_ANALYSIS = YES;
				CLANG_WARN_STRICT_PROTOTYPES = YES;
				CLANG_WARN_SUSPICIOUS_MOVE = YES;
				CLANG_WARN_UNGUARDED_AVAILABILITY = YES_AGGRESSIVE;
				CLANG_WARN_UNREACHABLE_CODE = YES;
				CLANG_WARN__DUPLICATE_METHOD_MATCH = YES;
				COPY_PHASE_STRIP = NO;
				DEBUG_INFORMATION_FORMAT = dwarf;
				ENABLE_STRICT_OBJC_MSGSEND = YES;
				ENABLE_TESTABILITY = YES;
				GCC_C_LANGUAGE_STANDARD = gnu11;
				GCC_DYNAMIC_NO_PIC = NO;
				GCC_NO_COMMON_BLOCKS = YES;
				GCC_OPTIMIZATION_LEVEL = 0;
				GCC_PREPROCESSOR_DEFINITIONS = (
					"DEBUG=1",
					"$(inherited)",
				);
				GCC_WARN_64_TO_32_BIT_CONVERSION = YES;
				GCC_WARN_ABOUT_RETURN_TYPE = YES_ERROR;
				GCC_WARN_UNDECLARED_SELECTOR = YES;
				GCC_WARN_UNINITIALIZED_AUTOS = YES_AGGRESSIVE;
				GCC_WARN_UNUSED_FUNCTION = YES;
				GCC_WARN_UNUSED_VARIABLE = YES;
				IPHONEOS_DEPLOYMENT_TARGET = 15.2;
				MTL_ENABLE_DEBUG_INFO = INCLUDE_SOURCE;
				MTL_FAST_MATH = YES;
				ONLY_ACTIVE_ARCH = YES;
				SDKROOT = iphoneos;
				SWIFT_ACTIVE_COMPILATION_CONDITIONS = DEBUG;
				SWIFT_OPTIMIZATION_LEVEL = "-Onone";
			};
			name = Debug;
		};
		B26E88A82804802400055CFB /* Release */ = {
			isa = XCBuildConfiguration;
			buildSettings = {
				ALWAYS_SEARCH_USER_PATHS = NO;
				CLANG_ANALYZER_NONNULL = YES;
				CLANG_ANALYZER_NUMBER_OBJECT_CONVERSION = YES_AGGRESSIVE;
				CLANG_CXX_LANGUAGE_STANDARD = "gnu++17";
				CLANG_CXX_LIBRARY = "libc++";
				CLANG_ENABLE_MODULES = YES;
				CLANG_ENABLE_OBJC_ARC = YES;
				CLANG_ENABLE_OBJC_WEAK = YES;
				CLANG_WARN_BLOCK_CAPTURE_AUTORELEASING = YES;
				CLANG_WARN_BOOL_CONVERSION = YES;
				CLANG_WARN_COMMA = YES;
				CLANG_WARN_CONSTANT_CONVERSION = YES;
				CLANG_WARN_DEPRECATED_OBJC_IMPLEMENTATIONS = YES;
				CLANG_WARN_DIRECT_OBJC_ISA_USAGE = YES_ERROR;
				CLANG_WARN_DOCUMENTATION_COMMENTS = YES;
				CLANG_WARN_EMPTY_BODY = YES;
				CLANG_WARN_ENUM_CONVERSION = YES;
				CLANG_WARN_INFINITE_RECURSION = YES;
				CLANG_WARN_INT_CONVERSION = YES;
				CLANG_WARN_NON_LITERAL_NULL_CONVERSION = YES;
				CLANG_WARN_OBJC_IMPLICIT_RETAIN_SELF = YES;
				CLANG_WARN_OBJC_LITERAL_CONVERSION = YES;
				CLANG_WARN_OBJC_ROOT_CLASS = YES_ERROR;
				CLANG_WARN_QUOTED_INCLUDE_IN_FRAMEWORK_HEADER = YES;
				CLANG_WARN_RANGE_LOOP_ANALYSIS = YES;
				CLANG_WARN_STRICT_PROTOTYPES = YES;
				CLANG_WARN_SUSPICIOUS_MOVE = YES;
				CLANG_WARN_UNGUARDED_AVAILABILITY = YES_AGGRESSIVE;
				CLANG_WARN_UNREACHABLE_CODE = YES;
				CLANG_WARN__DUPLICATE_METHOD_MATCH = YES;
				COPY_PHASE_STRIP = NO;
				DEBUG_INFORMATION_FORMAT = "dwarf-with-dsym";
				ENABLE_NS_ASSERTIONS = NO;
				ENABLE_STRICT_OBJC_MSGSEND = YES;
				GCC_C_LANGUAGE_STANDARD = gnu11;
				GCC_NO_COMMON_BLOCKS = YES;
				GCC_WARN_64_TO_32_BIT_CONVERSION = YES;
				GCC_WARN_ABOUT_RETURN_TYPE = YES_ERROR;
				GCC_WARN_UNDECLARED_SELECTOR = YES;
				GCC_WARN_UNINITIALIZED_AUTOS = YES_AGGRESSIVE;
				GCC_WARN_UNUSED_FUNCTION = YES;
				GCC_WARN_UNUSED_VARIABLE = YES;
				IPHONEOS_DEPLOYMENT_TARGET = 15.2;
				MTL_ENABLE_DEBUG_INFO = NO;
				MTL_FAST_MATH = YES;
				SDKROOT = iphoneos;
				SWIFT_COMPILATION_MODE = wholemodule;
				SWIFT_OPTIMIZATION_LEVEL = "-O";
				VALIDATE_PRODUCT = YES;
			};
			name = Release;
		};
		B26E88AA2804802400055CFB /* Debug */ = {
			isa = XCBuildConfiguration;
			baseConfigurationReference = AA9506CC4AAD7B9D81F60ACB /* Pods-MyFancyMovie.debug.xcconfig */;
			buildSettings = {
				ASSETCATALOG_COMPILER_APPICON_NAME = AppIcon;
				ASSETCATALOG_COMPILER_GLOBAL_ACCENT_COLOR_NAME = AccentColor;
				CODE_SIGN_STYLE = Automatic;
				CURRENT_PROJECT_VERSION = 1;
				DEVELOPMENT_TEAM = PL79VPX336;
				GENERATE_INFOPLIST_FILE = YES;
				INFOPLIST_FILE = MyFancyMovie/Info.plist;
				INFOPLIST_KEY_UIApplicationSupportsIndirectInputEvents = YES;
				INFOPLIST_KEY_UILaunchStoryboardName = LaunchScreen;
				INFOPLIST_KEY_UIMainStoryboardFile = Main;
				INFOPLIST_KEY_UISupportedInterfaceOrientations_iPad = "UIInterfaceOrientationPortrait UIInterfaceOrientationPortraitUpsideDown UIInterfaceOrientationLandscapeLeft UIInterfaceOrientationLandscapeRight";
				INFOPLIST_KEY_UISupportedInterfaceOrientations_iPhone = "UIInterfaceOrientationPortrait UIInterfaceOrientationLandscapeLeft UIInterfaceOrientationLandscapeRight";
				LD_RUNPATH_SEARCH_PATHS = (
					"$(inherited)",
					"@executable_path/Frameworks",
				);
				MARKETING_VERSION = 1.0;
				PRODUCT_BUNDLE_IDENTIFIER = com.abdulsamad.MyFancyMovie;
				PRODUCT_NAME = "$(TARGET_NAME)";
				SWIFT_EMIT_LOC_STRINGS = YES;
				SWIFT_VERSION = 5.0;
				TARGETED_DEVICE_FAMILY = "1,2";
			};
			name = Debug;
		};
		B26E88AB2804802400055CFB /* Release */ = {
			isa = XCBuildConfiguration;
			baseConfigurationReference = AD764F0DDD96B450204D6509 /* Pods-MyFancyMovie.release.xcconfig */;
			buildSettings = {
				ASSETCATALOG_COMPILER_APPICON_NAME = AppIcon;
				ASSETCATALOG_COMPILER_GLOBAL_ACCENT_COLOR_NAME = AccentColor;
				CODE_SIGN_STYLE = Automatic;
				CURRENT_PROJECT_VERSION = 1;
				DEVELOPMENT_TEAM = PL79VPX336;
				GENERATE_INFOPLIST_FILE = YES;
				INFOPLIST_FILE = MyFancyMovie/Info.plist;
				INFOPLIST_KEY_UIApplicationSupportsIndirectInputEvents = YES;
				INFOPLIST_KEY_UILaunchStoryboardName = LaunchScreen;
				INFOPLIST_KEY_UIMainStoryboardFile = Main;
				INFOPLIST_KEY_UISupportedInterfaceOrientations_iPad = "UIInterfaceOrientationPortrait UIInterfaceOrientationPortraitUpsideDown UIInterfaceOrientationLandscapeLeft UIInterfaceOrientationLandscapeRight";
				INFOPLIST_KEY_UISupportedInterfaceOrientations_iPhone = "UIInterfaceOrientationPortrait UIInterfaceOrientationLandscapeLeft UIInterfaceOrientationLandscapeRight";
				LD_RUNPATH_SEARCH_PATHS = (
					"$(inherited)",
					"@executable_path/Frameworks",
				);
				MARKETING_VERSION = 1.0;
				PRODUCT_BUNDLE_IDENTIFIER = com.abdulsamad.MyFancyMovie;
				PRODUCT_NAME = "$(TARGET_NAME)";
				SWIFT_EMIT_LOC_STRINGS = YES;
				SWIFT_VERSION = 5.0;
				TARGETED_DEVICE_FAMILY = "1,2";
			};
			name = Release;
		};
		B26E88AD2804802400055CFB /* Debug */ = {
			isa = XCBuildConfiguration;
			baseConfigurationReference = 52DC74C6D5C2A5D6C0A294CF /* Pods-MyFancyMovieTests.debug.xcconfig */;
			buildSettings = {
				ALWAYS_EMBED_SWIFT_STANDARD_LIBRARIES = YES;
				BUNDLE_LOADER = "$(TEST_HOST)";
				CODE_SIGN_STYLE = Automatic;
				CURRENT_PROJECT_VERSION = 1;
				DEVELOPMENT_TEAM = PL79VPX336;
				GENERATE_INFOPLIST_FILE = YES;
				IPHONEOS_DEPLOYMENT_TARGET = 15.2;
				MARKETING_VERSION = 1.0;
				PRODUCT_BUNDLE_IDENTIFIER = com.abdulsamad.MyFancyMovieTests;
				PRODUCT_NAME = "$(TARGET_NAME)";
				SWIFT_EMIT_LOC_STRINGS = NO;
				SWIFT_VERSION = 5.0;
				TARGETED_DEVICE_FAMILY = "1,2";
				TEST_HOST = "$(BUILT_PRODUCTS_DIR)/MyFancyMovie.app/MyFancyMovie";
			};
			name = Debug;
		};
		B26E88AE2804802400055CFB /* Release */ = {
			isa = XCBuildConfiguration;
			baseConfigurationReference = A178BD693C2E15F3D1CD659E /* Pods-MyFancyMovieTests.release.xcconfig */;
			buildSettings = {
				ALWAYS_EMBED_SWIFT_STANDARD_LIBRARIES = YES;
				BUNDLE_LOADER = "$(TEST_HOST)";
				CODE_SIGN_STYLE = Automatic;
				CURRENT_PROJECT_VERSION = 1;
				DEVELOPMENT_TEAM = PL79VPX336;
				GENERATE_INFOPLIST_FILE = YES;
				IPHONEOS_DEPLOYMENT_TARGET = 15.2;
				MARKETING_VERSION = 1.0;
				PRODUCT_BUNDLE_IDENTIFIER = com.abdulsamad.MyFancyMovieTests;
				PRODUCT_NAME = "$(TARGET_NAME)";
				SWIFT_EMIT_LOC_STRINGS = NO;
				SWIFT_VERSION = 5.0;
				TARGETED_DEVICE_FAMILY = "1,2";
				TEST_HOST = "$(BUILT_PRODUCTS_DIR)/MyFancyMovie.app/MyFancyMovie";
			};
			name = Release;
		};
		B26E88B02804802400055CFB /* Debug */ = {
			isa = XCBuildConfiguration;
			baseConfigurationReference = 75356333998DE8E516AF1CA6 /* Pods-MyFancyMovie-MyFancyMovieUITests.debug.xcconfig */;
			buildSettings = {
				ALWAYS_EMBED_SWIFT_STANDARD_LIBRARIES = YES;
				CODE_SIGN_STYLE = Automatic;
				CURRENT_PROJECT_VERSION = 1;
				DEVELOPMENT_TEAM = PL79VPX336;
				GENERATE_INFOPLIST_FILE = YES;
				MARKETING_VERSION = 1.0;
				PRODUCT_BUNDLE_IDENTIFIER = com.abdulsamad.MyFancyMovieUITests;
				PRODUCT_NAME = "$(TARGET_NAME)";
				SWIFT_EMIT_LOC_STRINGS = NO;
				SWIFT_VERSION = 5.0;
				TARGETED_DEVICE_FAMILY = "1,2";
				TEST_TARGET_NAME = MyFancyMovie;
			};
			name = Debug;
		};
		B26E88B12804802400055CFB /* Release */ = {
			isa = XCBuildConfiguration;
			baseConfigurationReference = ECA770210277B91EFE0BD902 /* Pods-MyFancyMovie-MyFancyMovieUITests.release.xcconfig */;
			buildSettings = {
				ALWAYS_EMBED_SWIFT_STANDARD_LIBRARIES = YES;
				CODE_SIGN_STYLE = Automatic;
				CURRENT_PROJECT_VERSION = 1;
				DEVELOPMENT_TEAM = PL79VPX336;
				GENERATE_INFOPLIST_FILE = YES;
				MARKETING_VERSION = 1.0;
				PRODUCT_BUNDLE_IDENTIFIER = com.abdulsamad.MyFancyMovieUITests;
				PRODUCT_NAME = "$(TARGET_NAME)";
				SWIFT_EMIT_LOC_STRINGS = NO;
				SWIFT_VERSION = 5.0;
				TARGETED_DEVICE_FAMILY = "1,2";
				TEST_TARGET_NAME = MyFancyMovie;
			};
			name = Release;
		};
/* End XCBuildConfiguration section */

/* Begin XCConfigurationList section */
		B26E887A2804802200055CFB /* Build configuration list for PBXProject "MyFancyMovie" */ = {
			isa = XCConfigurationList;
			buildConfigurations = (
				B26E88A72804802400055CFB /* Debug */,
				B26E88A82804802400055CFB /* Release */,
			);
			defaultConfigurationIsVisible = 0;
			defaultConfigurationName = Release;
		};
		B26E88A92804802400055CFB /* Build configuration list for PBXNativeTarget "MyFancyMovie" */ = {
			isa = XCConfigurationList;
			buildConfigurations = (
				B26E88AA2804802400055CFB /* Debug */,
				B26E88AB2804802400055CFB /* Release */,
			);
			defaultConfigurationIsVisible = 0;
			defaultConfigurationName = Release;
		};
		B26E88AC2804802400055CFB /* Build configuration list for PBXNativeTarget "MyFancyMovieTests" */ = {
			isa = XCConfigurationList;
			buildConfigurations = (
				B26E88AD2804802400055CFB /* Debug */,
				B26E88AE2804802400055CFB /* Release */,
			);
			defaultConfigurationIsVisible = 0;
			defaultConfigurationName = Release;
		};
		B26E88AF2804802400055CFB /* Build configuration list for PBXNativeTarget "MyFancyMovieUITests" */ = {
			isa = XCConfigurationList;
			buildConfigurations = (
				B26E88B02804802400055CFB /* Debug */,
				B26E88B12804802400055CFB /* Release */,
			);
			defaultConfigurationIsVisible = 0;
			defaultConfigurationName = Release;
		};
/* End XCConfigurationList section */
	};
	rootObject = B26E88772804802200055CFB /* Project object */;
}
